
Microsoft Visual Studio Solution File, Format Version 12.00
# Visual Studio Version 17
VisualStudioVersion = 17.5.002.0
MinimumVisualStudioVersion = 10.0.40219.1
Project("{9A19103F-16F7-4668-BE54-9A1E7A4F7556}") = "Lawrence", "Lawrence.csproj", "{26755B7E-B0A5-4C5F-BE92-9D28E1D5EF82}"
EndProject
Global
	GlobalSection(SolutionConfigurationPlatforms) = preSolution
		Debug|Any CPU = Debug|Any CPU
		Release|Any CPU = Release|Any CPU
	EndGlobalSection
	GlobalSection(ProjectConfigurationPlatforms) = postSolution
		{26755B7E-B0A5-4C5F-BE92-9D28E1D5EF82}.Debug|Any CPU.ActiveCfg = Debug|Any CPU
		{26755B7E-B0A5-4C5F-BE92-9D28E1D5EF82}.Debug|Any CPU.Build.0 = Debug|Any CPU
		{26755B7E-B0A5-4C5F-BE92-9D28E1D5EF82}.Release|Any CPU.ActiveCfg = Release|Any CPU
		{26755B7E-B0A5-4C5F-BE92-9D28E1D5EF82}.Release|Any CPU.Build.0 = Release|Any CPU
	EndGlobalSection
	GlobalSection(SolutionProperties) = preSolution
		HideSolutionNode = FALSE
	EndGlobalSection
	GlobalSection(ExtensibilityGlobals) = postSolution
		SolutionGuid = {F217ADC3-93F1-4B12-ACE6-F10EFEE79DF2}
	EndGlobalSection
EndGlobal
